
Microsoft Visual Studio Solution File, Format Version 12.00
# Visual Studio Version 16
VisualStudioVersion = 16.0.33214.272
MinimumVisualStudioVersion = 10.0.40219.1
Project("{FAE04EC0-301F-11D3-BF4B-00C04F79EFBC}") = "TesteMusica", "TesteMusica\TesteMusica.csproj", "{DE857173-B6EE-4937-BD8C-412F42A13191}"
EndProject
Global
	GlobalSection(SolutionConfigurationPlatforms) = preSolution
		Debug|Any CPU = Debug|Any CPU
		Release|Any CPU = Release|Any CPU
	EndGlobalSection
	GlobalSection(ProjectConfigurationPlatforms) = postSolution
		{DE857173-B6EE-4937-BD8C-412F42A13191}.Debug|Any CPU.ActiveCfg = Debug|Any CPU
		{DE857173-B6EE-4937-BD8C-412F42A13191}.Debug|Any CPU.Build.0 = Debug|Any CPU
		{DE857173-B6EE-4937-BD8C-412F42A13191}.Release|Any CPU.ActiveCfg = Release|Any CPU
		{DE857173-B6EE-4937-BD8C-412F42A13191}.Release|Any CPU.Build.0 = Release|Any CPU
	EndGlobalSection
	GlobalSection(SolutionProperties) = preSolution
		HideSolutionNode = FALSE
	EndGlobalSection
	GlobalSection(ExtensibilityGlobals) = postSolution
		SolutionGuid = {B03F7732-B53A-428E-B018-CFB432E111B2}
	EndGlobalSection
EndGlobal
